
Microsoft Visual Studio Solution File, Format Version 12.00
# Visual Studio 15
VisualStudioVersion = 15.0.26430.12
MinimumVisualStudioVersion = 10.0.40219.1
Project("{FAE04EC0-301F-11D3-BF4B-00C04F79EFBC}") = "Ledger", "Ledger\Ledger.csproj", "{FAE66CCA-4459-4EC2-92C6-E3665F6BAACF}"
EndProject
Project("{2150E333-8FDC-42A3-9474-1A3956D46DE8}") = "Tests", "Tests", "{61AEAB76-17E5-45BA-A3E0-B6C3C0EC09AF}"
EndProject
Project("{2150E333-8FDC-42A3-9474-1A3956D46DE8}") = "UnitTests", "UnitTests", "{5C492E72-A32D-499B-AFBB-D103D88B7DD4}"
EndProject
Project("{FAE04EC0-301F-11D3-BF4B-00C04F79EFBC}") = "Ledger.Core.UnitTests", "Tests\UnitTests\Ledger.Core.UnitTests\Ledger.Core.UnitTests.csproj", "{5DDB5904-C460-490F-A954-3F5B2E4BFC91}"
EndProject
Project("{FAE04EC0-301F-11D3-BF4B-00C04F79EFBC}") = "Ledger.Core", "Ledger.Core\Ledger.Core.csproj", "{4B6BDFCF-61F6-402B-81EC-909F404FD64E}"
EndProject
Global
	GlobalSection(SolutionConfigurationPlatforms) = preSolution
		Debug|Any CPU = Debug|Any CPU
		Release|Any CPU = Release|Any CPU
	EndGlobalSection
	GlobalSection(ProjectConfigurationPlatforms) = postSolution
		{FAE66CCA-4459-4EC2-92C6-E3665F6BAACF}.Debug|Any CPU.ActiveCfg = Debug|Any CPU
		{FAE66CCA-4459-4EC2-92C6-E3665F6BAACF}.Debug|Any CPU.Build.0 = Debug|Any CPU
		{FAE66CCA-4459-4EC2-92C6-E3665F6BAACF}.Release|Any CPU.ActiveCfg = Release|Any CPU
		{FAE66CCA-4459-4EC2-92C6-E3665F6BAACF}.Release|Any CPU.Build.0 = Release|Any CPU
		{5DDB5904-C460-490F-A954-3F5B2E4BFC91}.Debug|Any CPU.ActiveCfg = Debug|Any CPU
		{5DDB5904-C460-490F-A954-3F5B2E4BFC91}.Debug|Any CPU.Build.0 = Debug|Any CPU
		{5DDB5904-C460-490F-A954-3F5B2E4BFC91}.Release|Any CPU.ActiveCfg = Release|Any CPU
		{5DDB5904-C460-490F-A954-3F5B2E4BFC91}.Release|Any CPU.Build.0 = Release|Any CPU
		{4B6BDFCF-61F6-402B-81EC-909F404FD64E}.Debug|Any CPU.ActiveCfg = Debug|Any CPU
		{4B6BDFCF-61F6-402B-81EC-909F404FD64E}.Debug|Any CPU.Build.0 = Debug|Any CPU
		{4B6BDFCF-61F6-402B-81EC-909F404FD64E}.Release|Any CPU.ActiveCfg = Release|Any CPU
		{4B6BDFCF-61F6-402B-81EC-909F404FD64E}.Release|Any CPU.Build.0 = Release|Any CPU
	EndGlobalSection
	GlobalSection(SolutionProperties) = preSolution
		HideSolutionNode = FALSE
	EndGlobalSection
	GlobalSection(NestedProjects) = preSolution
		{5C492E72-A32D-499B-AFBB-D103D88B7DD4} = {61AEAB76-17E5-45BA-A3E0-B6C3C0EC09AF}
		{5DDB5904-C460-490F-A954-3F5B2E4BFC91} = {5C492E72-A32D-499B-AFBB-D103D88B7DD4}
	EndGlobalSection
EndGlobal
